
Microsoft Visual Studio Solution File, Format Version 12.00
# Visual Studio 15
VisualStudioVersion = 15.0.27004.2002
MinimumVisualStudioVersion = 10.0.40219.1
Project("{FAE04EC0-301F-11D3-BF4B-00C04F79EFBC}") = "XDogApp.Android", "XDogApp\XDogApp.Android\XDogApp.Android.csproj", "{99994530-112A-4BDE-9DFB-909CFF4BC22F}"
EndProject
Project("{FAE04EC0-301F-11D3-BF4B-00C04F79EFBC}") = "XDogApp", "XDogApp\XDogApp\XDogApp.csproj", "{42D3F06B-7763-4B3F-91CD-D8339744B06F}"
EndProject
Project("{FAE04EC0-301F-11D3-BF4B-00C04F79EFBC}") = "XDogApp.UWP", "XDogApp\XDogApp.UWP\XDogApp.UWP.csproj", "{48375404-B380-492A-85EB-9400A77CFDAC}"
EndProject
Project("{FAE04EC0-301F-11D3-BF4B-00C04F79EFBC}") = "XDogApp.iOS", "XDogApp\XDogApp.iOS\XDogApp.iOS.csproj", "{8029ED04-5B89-4350-9CD4-3819B45DC421}"
EndProject
Global
	GlobalSection(SolutionConfigurationPlatforms) = preSolution
		Ad-Hoc|Any CPU = Ad-Hoc|Any CPU
		Ad-Hoc|ARM = Ad-Hoc|ARM
		Ad-Hoc|iPhone = Ad-Hoc|iPhone
		Ad-Hoc|iPhoneSimulator = Ad-Hoc|iPhoneSimulator
		Ad-Hoc|x64 = Ad-Hoc|x64
		Ad-Hoc|x86 = Ad-Hoc|x86
		AppStore|Any CPU = AppStore|Any CPU
		AppStore|ARM = AppStore|ARM
		AppStore|iPhone = AppStore|iPhone
		AppStore|iPhoneSimulator = AppStore|iPhoneSimulator
		AppStore|x64 = AppStore|x64
		AppStore|x86 = AppStore|x86
		Debug|Any CPU = Debug|Any CPU
		Debug|ARM = Debug|ARM
		Debug|iPhone = Debug|iPhone
		Debug|iPhoneSimulator = Debug|iPhoneSimulator
		Debug|x64 = Debug|x64
		Debug|x86 = Debug|x86
		Release|Any CPU = Release|Any CPU
		Release|ARM = Release|ARM
		Release|iPhone = Release|iPhone
		Release|iPhoneSimulator = Release|iPhoneSimulator
		Release|x64 = Release|x64
		Release|x86 = Release|x86
	EndGlobalSection
	GlobalSection(ProjectConfigurationPlatforms) = postSolution
		{99994530-112A-4BDE-9DFB-909CFF4BC22F}.Ad-Hoc|Any CPU.ActiveCfg = Release|Any CPU
		{99994530-112A-4BDE-9DFB-909CFF4BC22F}.Ad-Hoc|Any CPU.Build.0 = Release|Any CPU
		{99994530-112A-4BDE-9DFB-909CFF4BC22F}.Ad-Hoc|Any CPU.Deploy.0 = Release|Any CPU
		{99994530-112A-4BDE-9DFB-909CFF4BC22F}.Ad-Hoc|ARM.ActiveCfg = Release|Any CPU
		{99994530-112A-4BDE-9DFB-909CFF4BC22F}.Ad-Hoc|ARM.Build.0 = Release|Any CPU
		{99994530-112A-4BDE-9DFB-909CFF4BC22F}.Ad-Hoc|ARM.Deploy.0 = Release|Any CPU
		{99994530-112A-4BDE-9DFB-909CFF4BC22F}.Ad-Hoc|iPhone.ActiveCfg = Release|Any CPU
		{99994530-112A-4BDE-9DFB-909CFF4BC22F}.Ad-Hoc|iPhone.Build.0 = Release|Any CPU
		{99994530-112A-4BDE-9DFB-909CFF4BC22F}.Ad-Hoc|iPhone.Deploy.0 = Release|Any CPU
		{99994530-112A-4BDE-9DFB-909CFF4BC22F}.Ad-Hoc|iPhoneSimulator.ActiveCfg = Release|Any CPU
		{99994530-112A-4BDE-9DFB-909CFF4BC22F}.Ad-Hoc|iPhoneSimulator.Build.0 = Release|Any CPU
		{99994530-112A-4BDE-9DFB-909CFF4BC22F}.Ad-Hoc|iPhoneSimulator.Deploy.0 = Release|Any CPU
		{99994530-112A-4BDE-9DFB-909CFF4BC22F}.Ad-Hoc|x64.ActiveCfg = Release|Any CPU
		{99994530-112A-4BDE-9DFB-909CFF4BC22F}.Ad-Hoc|x64.Build.0 = Release|Any CPU
		{99994530-112A-4BDE-9DFB-909CFF4BC22F}.Ad-Hoc|x64.Deploy.0 = Release|Any CPU
		{99994530-112A-4BDE-9DFB-909CFF4BC22F}.Ad-Hoc|x86.ActiveCfg = Release|Any CPU
		{99994530-112A-4BDE-9DFB-909CFF4BC22F}.Ad-Hoc|x86.Build.0 = Release|Any CPU
		{99994530-112A-4BDE-9DFB-909CFF4BC22F}.Ad-Hoc|x86.Deploy.0 = Release|Any CPU
		{99994530-112A-4BDE-9DFB-909CFF4BC22F}.AppStore|Any CPU.ActiveCfg = Release|Any CPU
		{99994530-112A-4BDE-9DFB-909CFF4BC22F}.AppStore|Any CPU.Build.0 = Release|Any CPU
		{99994530-112A-4BDE-9DFB-909CFF4BC22F}.AppStore|Any CPU.Deploy.0 = Release|Any CPU
		{99994530-112A-4BDE-9DFB-909CFF4BC22F}.AppStore|ARM.ActiveCfg = Release|Any CPU
		{99994530-112A-4BDE-9DFB-909CFF4BC22F}.AppStore|ARM.Build.0 = Release|Any CPU
		{99994530-112A-4BDE-9DFB-909CFF4BC22F}.AppStore|ARM.Deploy.0 = Release|Any CPU
		{99994530-112A-4BDE-9DFB-909CFF4BC22F}.AppStore|iPhone.ActiveCfg = Release|Any CPU
		{99994530-112A-4BDE-9DFB-909CFF4BC22F}.AppStore|iPhone.Build.0 = Release|Any CPU
		{99994530-112A-4BDE-9DFB-909CFF4BC22F}.AppStore|iPhone.Deploy.0 = Release|Any CPU
		{99994530-112A-4BDE-9DFB-909CFF4BC22F}.AppStore|iPhoneSimulator.ActiveCfg = Release|Any CPU
		{99994530-112A-4BDE-9DFB-909CFF4BC22F}.AppStore|iPhoneSimulator.Build.0 = Release|Any CPU
		{99994530-112A-4BDE-9DFB-909CFF4BC22F}.AppStore|iPhoneSimulator.Deploy.0 = Release|Any CPU
		{99994530-112A-4BDE-9DFB-909CFF4BC22F}.AppStore|x64.ActiveCfg = Release|Any CPU
		{99994530-112A-4BDE-9DFB-909CFF4BC22F}.AppStore|x64.Build.0 = Release|Any CPU
		{99994530-112A-4BDE-9DFB-909CFF4BC22F}.AppStore|x64.Deploy.0 = Release|Any CPU
		{99994530-112A-4BDE-9DFB-909CFF4BC22F}.AppStore|x86.ActiveCfg = Release|Any CPU
		{99994530-112A-4BDE-9DFB-909CFF4BC22F}.AppStore|x86.Build.0 = Release|Any CPU
		{99994530-112A-4BDE-9DFB-909CFF4BC22F}.AppStore|x86.Deploy.0 = Release|Any CPU
		{99994530-112A-4BDE-9DFB-909CFF4BC22F}.Debug|Any CPU.ActiveCfg = Debug|Any CPU
		{99994530-112A-4BDE-9DFB-909CFF4BC22F}.Debug|Any CPU.Build.0 = Debug|Any CPU
		{99994530-112A-4BDE-9DFB-909CFF4BC22F}.Debug|Any CPU.Deploy.0 = Debug|Any CPU
		{99994530-112A-4BDE-9DFB-909CFF4BC22F}.Debug|ARM.ActiveCfg = Debug|Any CPU
		{99994530-112A-4BDE-9DFB-909CFF4BC22F}.Debug|ARM.Build.0 = Debug|Any CPU
		{99994530-112A-4BDE-9DFB-909CFF4BC22F}.Debug|ARM.Deploy.0 = Debug|Any CPU
		{99994530-112A-4BDE-9DFB-909CFF4BC22F}.Debug|iPhone.ActiveCfg = Debug|Any CPU
		{99994530-112A-4BDE-9DFB-909CFF4BC22F}.Debug|iPhone.Build.0 = Debug|Any CPU
		{99994530-112A-4BDE-9DFB-909CFF4BC22F}.Debug|iPhone.Deploy.0 = Debug|Any CPU
		{99994530-112A-4BDE-9DFB-909CFF4BC22F}.Debug|iPhoneSimulator.ActiveCfg = Debug|Any CPU
		{99994530-112A-4BDE-9DFB-909CFF4BC22F}.Debug|iPhoneSimulator.Build.0 = Debug|Any CPU
		{99994530-112A-4BDE-9DFB-909CFF4BC22F}.Debug|iPhoneSimulator.Deploy.0 = Debug|Any CPU
		{99994530-112A-4BDE-9DFB-909CFF4BC22F}.Debug|x64.ActiveCfg = Debug|Any CPU
		{99994530-112A-4BDE-9DFB-909CFF4BC22F}.Debug|x64.Build.0 = Debug|Any CPU
		{99994530-112A-4BDE-9DFB-909CFF4BC22F}.Debug|x64.Deploy.0 = Debug|Any CPU
		{99994530-112A-4BDE-9DFB-909CFF4BC22F}.Debug|x86.ActiveCfg = Debug|Any CPU
		{99994530-112A-4BDE-9DFB-909CFF4BC22F}.Debug|x86.Build.0 = Debug|Any CPU
		{99994530-112A-4BDE-9DFB-909CFF4BC22F}.Debug|x86.Deploy.0 = Debug|Any CPU
		{99994530-112A-4BDE-9DFB-909CFF4BC22F}.Release|Any CPU.ActiveCfg = Release|Any CPU
		{99994530-112A-4BDE-9DFB-909CFF4BC22F}.Release|Any CPU.Build.0 = Release|Any CPU
		{99994530-112A-4BDE-9DFB-909CFF4BC22F}.Release|Any CPU.Deploy.0 = Release|Any CPU
		{99994530-112A-4BDE-9DFB-909CFF4BC22F}.Release|ARM.ActiveCfg = Release|Any CPU
		{99994530-112A-4BDE-9DFB-909CFF4BC22F}.Release|ARM.Build.0 = Release|Any CPU
		{99994530-112A-4BDE-9DFB-909CFF4BC22F}.Release|ARM.Deploy.0 = Release|Any CPU
		{99994530-112A-4BDE-9DFB-909CFF4BC22F}.Release|iPhone.ActiveCfg = Release|Any CPU
		{99994530-112A-4BDE-9DFB-909CFF4BC22F}.Release|iPhone.Build.0 = Release|Any CPU
		{99994530-112A-4BDE-9DFB-909CFF4BC22F}.Release|iPhone.Deploy.0 = Release|Any CPU
		{99994530-112A-4BDE-9DFB-909CFF4BC22F}.Release|iPhoneSimulator.ActiveCfg = Release|Any CPU
		{99994530-112A-4BDE-9DFB-909CFF4BC22F}.Release|iPhoneSimulator.Build.0 = Release|Any CPU
		{99994530-112A-4BDE-9DFB-909CFF4BC22F}.Release|iPhoneSimulator.Deploy.0 = Release|Any CPU
		{99994530-112A-4BDE-9DFB-909CFF4BC22F}.Release|x64.ActiveCfg = Release|Any CPU
		{99994530-112A-4BDE-9DFB-909CFF4BC22F}.Release|x64.Build.0 = Release|Any CPU
		{99994530-112A-4BDE-9DFB-909CFF4BC22F}.Release|x64.Deploy.0 = Release|Any CPU
		{99994530-112A-4BDE-9DFB-909CFF4BC22F}.Release|x86.ActiveCfg = Release|Any CPU
		{99994530-112A-4BDE-9DFB-909CFF4BC22F}.Release|x86.Build.0 = Release|Any CPU
		{99994530-112A-4BDE-9DFB-909CFF4BC22F}.Release|x86.Deploy.0 = Release|Any CPU
		{42D3F06B-7763-4B3F-91CD-D8339744B06F}.Ad-Hoc|Any CPU.ActiveCfg = Release|Any CPU
		{42D3F06B-7763-4B3F-91CD-D8339744B06F}.Ad-Hoc|Any CPU.Build.0 = Release|Any CPU
		{42D3F06B-7763-4B3F-91CD-D8339744B06F}.Ad-Hoc|ARM.ActiveCfg = Release|Any CPU
		{42D3F06B-7763-4B3F-91CD-D8339744B06F}.Ad-Hoc|ARM.Build.0 = Release|Any CPU
		{42D3F06B-7763-4B3F-91CD-D8339744B06F}.Ad-Hoc|iPhone.ActiveCfg = Release|Any CPU
		{42D3F06B-7763-4B3F-91CD-D8339744B06F}.Ad-Hoc|iPhone.Build.0 = Release|Any CPU
		{42D3F06B-7763-4B3F-91CD-D8339744B06F}.Ad-Hoc|iPhoneSimulator.ActiveCfg = Release|Any CPU
		{42D3F06B-7763-4B3F-91CD-D8339744B06F}.Ad-Hoc|iPhoneSimulator.Build.0 = Release|Any CPU
		{42D3F06B-7763-4B3F-91CD-D8339744B06F}.Ad-Hoc|x64.ActiveCfg = Release|Any CPU
		{42D3F06B-7763-4B3F-91CD-D8339744B06F}.Ad-Hoc|x64.Build.0 = Release|Any CPU
		{42D3F06B-7763-4B3F-91CD-D8339744B06F}.Ad-Hoc|x86.ActiveCfg = Release|Any CPU
		{42D3F06B-7763-4B3F-91CD-D8339744B06F}.Ad-Hoc|x86.Build.0 = Release|Any CPU
		{42D3F06B-7763-4B3F-91CD-D8339744B06F}.AppStore|Any CPU.ActiveCfg = Release|Any CPU
		{42D3F06B-7763-4B3F-91CD-D8339744B06F}.AppStore|Any CPU.Build.0 = Release|Any CPU
		{42D3F06B-7763-4B3F-91CD-D8339744B06F}.AppStore|ARM.ActiveCfg = Release|Any CPU
		{42D3F06B-7763-4B3F-91CD-D8339744B06F}.AppStore|ARM.Build.0 = Release|Any CPU
		{42D3F06B-7763-4B3F-91CD-D8339744B06F}.AppStore|iPhone.ActiveCfg = Release|Any CPU
		{42D3F06B-7763-4B3F-91CD-D8339744B06F}.AppStore|iPhone.Build.0 = Release|Any CPU
		{42D3F06B-7763-4B3F-91CD-D8339744B06F}.AppStore|iPhoneSimulator.ActiveCfg = Release|Any CPU
		{42D3F06B-7763-4B3F-91CD-D8339744B06F}.AppStore|iPhoneSimulator.Build.0 = Release|Any CPU
		{42D3F06B-7763-4B3F-91CD-D8339744B06F}.AppStore|x64.ActiveCfg = Release|Any CPU
		{42D3F06B-7763-4B3F-91CD-D8339744B06F}.AppStore|x64.Build.0 = Release|Any CPU
		{42D3F06B-7763-4B3F-91CD-D8339744B06F}.AppStore|x86.ActiveCfg = Release|Any CPU
		{42D3F06B-7763-4B3F-91CD-D8339744B06F}.AppStore|x86.Build.0 = Release|Any CPU
		{42D3F06B-7763-4B3F-91CD-D8339744B06F}.Debug|Any CPU.ActiveCfg = Debug|Any CPU
		{42D3F06B-7763-4B3F-91CD-D8339744B06F}.Debug|Any CPU.Build.0 = Debug|Any CPU
		{42D3F06B-7763-4B3F-91CD-D8339744B06F}.Debug|ARM.ActiveCfg = Debug|Any CPU
		{42D3F06B-7763-4B3F-91CD-D8339744B06F}.Debug|ARM.Build.0 = Debug|Any CPU
		{42D3F06B-7763-4B3F-91CD-D8339744B06F}.Debug|iPhone.ActiveCfg = Debug|Any CPU
		{42D3F06B-7763-4B3F-91CD-D8339744B06F}.Debug|iPhone.Build.0 = Debug|Any CPU
		{42D3F06B-7763-4B3F-91CD-D8339744B06F}.Debug|iPhoneSimulator.ActiveCfg = Debug|Any CPU
		{42D3F06B-7763-4B3F-91CD-D8339744B06F}.Debug|iPhoneSimulator.Build.0 = Debug|Any CPU
		{42D3F06B-7763-4B3F-91CD-D8339744B06F}.Debug|x64.ActiveCfg = Debug|Any CPU
		{42D3F06B-7763-4B3F-91CD-D8339744B06F}.Debug|x64.Build.0 = Debug|Any CPU
		{42D3F06B-7763-4B3F-91CD-D8339744B06F}.Debug|x86.ActiveCfg = Debug|Any CPU
		{42D3F06B-7763-4B3F-91CD-D8339744B06F}.Debug|x86.Build.0 = Debug|Any CPU
		{42D3F06B-7763-4B3F-91CD-D8339744B06F}.Release|Any CPU.ActiveCfg = Release|Any CPU
		{42D3F06B-7763-4B3F-91CD-D8339744B06F}.Release|Any CPU.Build.0 = Release|Any CPU
		{42D3F06B-7763-4B3F-91CD-D8339744B06F}.Release|ARM.ActiveCfg = Release|Any CPU
		{42D3F06B-7763-4B3F-91CD-D8339744B06F}.Release|ARM.Build.0 = Release|Any CPU
		{42D3F06B-7763-4B3F-91CD-D8339744B06F}.Release|iPhone.ActiveCfg = Release|Any CPU
		{42D3F06B-7763-4B3F-91CD-D8339744B06F}.Release|iPhone.Build.0 = Release|Any CPU
		{42D3F06B-7763-4B3F-91CD-D8339744B06F}.Release|iPhoneSimulator.ActiveCfg = Release|Any CPU
		{42D3F06B-7763-4B3F-91CD-D8339744B06F}.Release|iPhoneSimulator.Build.0 = Release|Any CPU
		{42D3F06B-7763-4B3F-91CD-D8339744B06F}.Release|x64.ActiveCfg = Release|Any CPU
		{42D3F06B-7763-4B3F-91CD-D8339744B06F}.Release|x64.Build.0 = Release|Any CPU
		{42D3F06B-7763-4B3F-91CD-D8339744B06F}.Release|x86.ActiveCfg = Release|Any CPU
		{42D3F06B-7763-4B3F-91CD-D8339744B06F}.Release|x86.Build.0 = Release|Any CPU
		{48375404-B380-492A-85EB-9400A77CFDAC}.Ad-Hoc|Any CPU.ActiveCfg = Release|x86
		{48375404-B380-492A-85EB-9400A77CFDAC}.Ad-Hoc|Any CPU.Build.0 = Release|x86
		{48375404-B380-492A-85EB-9400A77CFDAC}.Ad-Hoc|Any CPU.Deploy.0 = Release|x86
		{48375404-B380-492A-85EB-9400A77CFDAC}.Ad-Hoc|ARM.ActiveCfg = Release|ARM
		{48375404-B380-492A-85EB-9400A77CFDAC}.Ad-Hoc|ARM.Build.0 = Release|ARM
		{48375404-B380-492A-85EB-9400A77CFDAC}.Ad-Hoc|ARM.Deploy.0 = Release|ARM
		{48375404-B380-492A-85EB-9400A77CFDAC}.Ad-Hoc|iPhone.ActiveCfg = Release|x86
		{48375404-B380-492A-85EB-9400A77CFDAC}.Ad-Hoc|iPhone.Build.0 = Release|x86
		{48375404-B380-492A-85EB-9400A77CFDAC}.Ad-Hoc|iPhone.Deploy.0 = Release|x86
		{48375404-B380-492A-85EB-9400A77CFDAC}.Ad-Hoc|iPhoneSimulator.ActiveCfg = Release|x86
		{48375404-B380-492A-85EB-9400A77CFDAC}.Ad-Hoc|iPhoneSimulator.Build.0 = Release|x86
		{48375404-B380-492A-85EB-9400A77CFDAC}.Ad-Hoc|iPhoneSimulator.Deploy.0 = Release|x86
		{48375404-B380-492A-85EB-9400A77CFDAC}.Ad-Hoc|x64.ActiveCfg = Release|x64
		{48375404-B380-492A-85EB-9400A77CFDAC}.Ad-Hoc|x64.Build.0 = Release|x64
		{48375404-B380-492A-85EB-9400A77CFDAC}.Ad-Hoc|x64.Deploy.0 = Release|x64
		{48375404-B380-492A-85EB-9400A77CFDAC}.Ad-Hoc|x86.ActiveCfg = Release|x86
		{48375404-B380-492A-85EB-9400A77CFDAC}.Ad-Hoc|x86.Build.0 = Release|x86
		{48375404-B380-492A-85EB-9400A77CFDAC}.Ad-Hoc|x86.Deploy.0 = Release|x86
		{48375404-B380-492A-85EB-9400A77CFDAC}.AppStore|Any CPU.ActiveCfg = Release|x86
		{48375404-B380-492A-85EB-9400A77CFDAC}.AppStore|Any CPU.Build.0 = Release|x86
		{48375404-B380-492A-85EB-9400A77CFDAC}.AppStore|Any CPU.Deploy.0 = Release|x86
		{48375404-B380-492A-85EB-9400A77CFDAC}.AppStore|ARM.ActiveCfg = Release|ARM
		{48375404-B380-492A-85EB-9400A77CFDAC}.AppStore|ARM.Build.0 = Release|ARM
		{48375404-B380-492A-85EB-9400A77CFDAC}.AppStore|ARM.Deploy.0 = Release|ARM
		{48375404-B380-492A-85EB-9400A77CFDAC}.AppStore|iPhone.ActiveCfg = Release|x86
		{48375404-B380-492A-85EB-9400A77CFDAC}.AppStore|iPhone.Build.0 = Release|x86
		{48375404-B380-492A-85EB-9400A77CFDAC}.AppStore|iPhone.Deploy.0 = Release|x86
		{48375404-B380-492A-85EB-9400A77CFDAC}.AppStore|iPhoneSimulator.ActiveCfg = Release|x86
		{48375404-B380-492A-85EB-9400A77CFDAC}.AppStore|iPhoneSimulator.Build.0 = Release|x86
		{48375404-B380-492A-85EB-9400A77CFDAC}.AppStore|iPhoneSimulator.Deploy.0 = Release|x86
		{48375404-B380-492A-85EB-9400A77CFDAC}.AppStore|x64.ActiveCfg = Release|x64
		{48375404-B380-492A-85EB-9400A77CFDAC}.AppStore|x64.Build.0 = Release|x64
		{48375404-B380-492A-85EB-9400A77CFDAC}.AppStore|x64.Deploy.0 = Release|x64
		{48375404-B380-492A-85EB-9400A77CFDAC}.AppStore|x86.ActiveCfg = Release|x86
		{48375404-B380-492A-85EB-9400A77CFDAC}.AppStore|x86.Build.0 = Release|x86
		{48375404-B380-492A-85EB-9400A77CFDAC}.AppStore|x86.Deploy.0 = Release|x86
		{48375404-B380-492A-85EB-9400A77CFDAC}.Debug|Any CPU.ActiveCfg = Debug|x86
		{48375404-B380-492A-85EB-9400A77CFDAC}.Debug|ARM.ActiveCfg = Debug|ARM
		{48375404-B380-492A-85EB-9400A77CFDAC}.Debug|ARM.Build.0 = Debug|ARM
		{48375404-B380-492A-85EB-9400A77CFDAC}.Debug|ARM.Deploy.0 = Debug|ARM
		{48375404-B380-492A-85EB-9400A77CFDAC}.Debug|iPhone.ActiveCfg = Debug|x86
		{48375404-B380-492A-85EB-9400A77CFDAC}.Debug|iPhoneSimulator.ActiveCfg = Debug|x86
		{48375404-B380-492A-85EB-9400A77CFDAC}.Debug|x64.ActiveCfg = Debug|x64
		{48375404-B380-492A-85EB-9400A77CFDAC}.Debug|x64.Build.0 = Debug|x64
		{48375404-B380-492A-85EB-9400A77CFDAC}.Debug|x64.Deploy.0 = Debug|x64
		{48375404-B380-492A-85EB-9400A77CFDAC}.Debug|x86.ActiveCfg = Debug|x86
		{48375404-B380-492A-85EB-9400A77CFDAC}.Debug|x86.Build.0 = Debug|x86
		{48375404-B380-492A-85EB-9400A77CFDAC}.Debug|x86.Deploy.0 = Debug|x86
		{48375404-B380-492A-85EB-9400A77CFDAC}.Release|Any CPU.ActiveCfg = Release|x86
		{48375404-B380-492A-85EB-9400A77CFDAC}.Release|ARM.ActiveCfg = Release|ARM
		{48375404-B380-492A-85EB-9400A77CFDAC}.Release|ARM.Build.0 = Release|ARM
		{48375404-B380-492A-85EB-9400A77CFDAC}.Release|ARM.Deploy.0 = Release|ARM
		{48375404-B380-492A-85EB-9400A77CFDAC}.Release|iPhone.ActiveCfg = Release|x86
		{48375404-B380-492A-85EB-9400A77CFDAC}.Release|iPhoneSimulator.ActiveCfg = Release|x86
		{48375404-B380-492A-85EB-9400A77CFDAC}.Release|x64.ActiveCfg = Release|x64
		{48375404-B380-492A-85EB-9400A77CFDAC}.Release|x64.Build.0 = Release|x64
		{48375404-B380-492A-85EB-9400A77CFDAC}.Release|x64.Deploy.0 = Release|x64
		{48375404-B380-492A-85EB-9400A77CFDAC}.Release|x86.ActiveCfg = Release|x86
		{48375404-B380-492A-85EB-9400A77CFDAC}.Release|x86.Build.0 = Release|x86
		{48375404-B380-492A-85EB-9400A77CFDAC}.Release|x86.Deploy.0 = Release|x86
		{8029ED04-5B89-4350-9CD4-3819B45DC421}.Ad-Hoc|Any CPU.ActiveCfg = Ad-Hoc|iPhoneSimulator
		{8029ED04-5B89-4350-9CD4-3819B45DC421}.Ad-Hoc|ARM.ActiveCfg = Ad-Hoc|iPhone
		{8029ED04-5B89-4350-9CD4-3819B45DC421}.Ad-Hoc|iPhone.ActiveCfg = Ad-Hoc|iPhone
		{8029ED04-5B89-4350-9CD4-3819B45DC421}.Ad-Hoc|iPhone.Build.0 = Ad-Hoc|iPhone
		{8029ED04-5B89-4350-9CD4-3819B45DC421}.Ad-Hoc|iPhoneSimulator.ActiveCfg = Ad-Hoc|iPhoneSimulator
		{8029ED04-5B89-4350-9CD4-3819B45DC421}.Ad-Hoc|iPhoneSimulator.Build.0 = Ad-Hoc|iPhoneSimulator
		{8029ED04-5B89-4350-9CD4-3819B45DC421}.Ad-Hoc|x64.ActiveCfg = Ad-Hoc|iPhone
		{8029ED04-5B89-4350-9CD4-3819B45DC421}.Ad-Hoc|x86.ActiveCfg = Ad-Hoc|iPhone
		{8029ED04-5B89-4350-9CD4-3819B45DC421}.AppStore|Any CPU.ActiveCfg = AppStore|iPhoneSimulator
		{8029ED04-5B89-4350-9CD4-3819B45DC421}.AppStore|ARM.ActiveCfg = AppStore|iPhone
		{8029ED04-5B89-4350-9CD4-3819B45DC421}.AppStore|iPhone.ActiveCfg = AppStore|iPhone
		{8029ED04-5B89-4350-9CD4-3819B45DC421}.AppStore|iPhone.Build.0 = AppStore|iPhone
		{8029ED04-5B89-4350-9CD4-3819B45DC421}.AppStore|iPhoneSimulator.ActiveCfg = AppStore|iPhoneSimulator
		{8029ED04-5B89-4350-9CD4-3819B45DC421}.AppStore|iPhoneSimulator.Build.0 = AppStore|iPhoneSimulator
		{8029ED04-5B89-4350-9CD4-3819B45DC421}.AppStore|x64.ActiveCfg = AppStore|iPhone
		{8029ED04-5B89-4350-9CD4-3819B45DC421}.AppStore|x86.ActiveCfg = AppStore|iPhone
		{8029ED04-5B89-4350-9CD4-3819B45DC421}.Debug|Any CPU.ActiveCfg = Debug|iPhoneSimulator
		{8029ED04-5B89-4350-9CD4-3819B45DC421}.Debug|ARM.ActiveCfg = Debug|iPhone
		{8029ED04-5B89-4350-9CD4-3819B45DC421}.Debug|iPhone.ActiveCfg = Debug|iPhone
		{8029ED04-5B89-4350-9CD4-3819B45DC421}.Debug|iPhone.Build.0 = Debug|iPhone
		{8029ED04-5B89-4350-9CD4-3819B45DC421}.Debug|iPhoneSimulator.ActiveCfg = Debug|iPhoneSimulator
		{8029ED04-5B89-4350-9CD4-3819B45DC421}.Debug|iPhoneSimulator.Build.0 = Debug|iPhoneSimulator
		{8029ED04-5B89-4350-9CD4-3819B45DC421}.Debug|x64.ActiveCfg = Debug|iPhone
		{8029ED04-5B89-4350-9CD4-3819B45DC421}.Debug|x86.ActiveCfg = Debug|iPhone
		{8029ED04-5B89-4350-9CD4-3819B45DC421}.Release|Any CPU.ActiveCfg = Release|iPhoneSimulator
		{8029ED04-5B89-4350-9CD4-3819B45DC421}.Release|ARM.ActiveCfg = Release|iPhone
		{8029ED04-5B89-4350-9CD4-3819B45DC421}.Release|iPhone.ActiveCfg = Release|iPhone
		{8029ED04-5B89-4350-9CD4-3819B45DC421}.Release|iPhone.Build.0 = Release|iPhone
		{8029ED04-5B89-4350-9CD4-3819B45DC421}.Release|iPhoneSimulator.ActiveCfg = Release|iPhoneSimulator
		{8029ED04-5B89-4350-9CD4-3819B45DC421}.Release|iPhoneSimulator.Build.0 = Release|iPhoneSimulator
		{8029ED04-5B89-4350-9CD4-3819B45DC421}.Release|x64.ActiveCfg = Release|iPhone
		{8029ED04-5B89-4350-9CD4-3819B45DC421}.Release|x86.ActiveCfg = Release|iPhone
	EndGlobalSection
	GlobalSection(SolutionProperties) = preSolution
		HideSolutionNode = FALSE
	EndGlobalSection
	GlobalSection(ExtensibilityGlobals) = postSolution
		SolutionGuid = {4D43815C-7D2F-4B22-93C2-AB5B3C1544B2}
	EndGlobalSection
EndGlobal
